
Microsoft Visual Studio Solution File, Format Version 12.00
# Visual Studio Version 17
VisualStudioVersion = 17.2.32505.173
MinimumVisualStudioVersion = 10.0.40219.1
Project("{9A19103F-16F7-4668-BE54-9A1E7A4F7556}") = "TaskManager", "TaskManager\TaskManager.csproj", "{25D31D79-5A22-4C11-90C5-B276F6CD0D20}"
EndProject
Project("{C7167F0D-BC9F-4E6E-AFE1-012C56B48DB5}") = "TaskManagerInstaller", "TaskManagerInstaller\TaskManagerInstaller.wapproj", "{76E0C9FE-C1E2-49BB-9814-91C290595A41}"
EndProject
Project("{FAE04EC0-301F-11D3-BF4B-00C04F79EFBC}") = "TaskManager.RemoteData", "TaskManager.RemoteData\TaskManager.RemoteData.csproj", "{8F4BE9D0-37F1-4CE9-B39A-277A19C25A7E}"
EndProject
Project("{FAE04EC0-301F-11D3-BF4B-00C04F79EFBC}") = "TaskManager.Models", "TaskManager.Models\TaskManager.Models.csproj", "{F2A8F023-8BB3-480F-AC0E-BAB4C0F45084}"
EndProject
Global
	GlobalSection(SolutionConfigurationPlatforms) = preSolution
		Debug|Any CPU = Debug|Any CPU
		Debug|ARM = Debug|ARM
		Debug|ARM64 = Debug|ARM64
		Debug|x64 = Debug|x64
		Debug|x86 = Debug|x86
		Release|Any CPU = Release|Any CPU
		Release|ARM = Release|ARM
		Release|ARM64 = Release|ARM64
		Release|x64 = Release|x64
		Release|x86 = Release|x86
	EndGlobalSection
	GlobalSection(ProjectConfigurationPlatforms) = postSolution
		{25D31D79-5A22-4C11-90C5-B276F6CD0D20}.Debug|Any CPU.ActiveCfg = Debug|Any CPU
		{25D31D79-5A22-4C11-90C5-B276F6CD0D20}.Debug|Any CPU.Build.0 = Debug|Any CPU
		{25D31D79-5A22-4C11-90C5-B276F6CD0D20}.Debug|ARM.ActiveCfg = Debug|Any CPU
		{25D31D79-5A22-4C11-90C5-B276F6CD0D20}.Debug|ARM.Build.0 = Debug|Any CPU
		{25D31D79-5A22-4C11-90C5-B276F6CD0D20}.Debug|ARM64.ActiveCfg = Debug|Any CPU
		{25D31D79-5A22-4C11-90C5-B276F6CD0D20}.Debug|ARM64.Build.0 = Debug|Any CPU
		{25D31D79-5A22-4C11-90C5-B276F6CD0D20}.Debug|x64.ActiveCfg = Debug|Any CPU
		{25D31D79-5A22-4C11-90C5-B276F6CD0D20}.Debug|x64.Build.0 = Debug|Any CPU
		{25D31D79-5A22-4C11-90C5-B276F6CD0D20}.Debug|x86.ActiveCfg = Debug|Any CPU
		{25D31D79-5A22-4C11-90C5-B276F6CD0D20}.Debug|x86.Build.0 = Debug|Any CPU
		{25D31D79-5A22-4C11-90C5-B276F6CD0D20}.Release|Any CPU.ActiveCfg = Release|Any CPU
		{25D31D79-5A22-4C11-90C5-B276F6CD0D20}.Release|Any CPU.Build.0 = Release|Any CPU
		{25D31D79-5A22-4C11-90C5-B276F6CD0D20}.Release|ARM.ActiveCfg = Release|Any CPU
		{25D31D79-5A22-4C11-90C5-B276F6CD0D20}.Release|ARM.Build.0 = Release|Any CPU
		{25D31D79-5A22-4C11-90C5-B276F6CD0D20}.Release|ARM64.ActiveCfg = Release|Any CPU
		{25D31D79-5A22-4C11-90C5-B276F6CD0D20}.Release|ARM64.Build.0 = Release|Any CPU
		{25D31D79-5A22-4C11-90C5-B276F6CD0D20}.Release|x64.ActiveCfg = Release|Any CPU
		{25D31D79-5A22-4C11-90C5-B276F6CD0D20}.Release|x64.Build.0 = Release|Any CPU
		{25D31D79-5A22-4C11-90C5-B276F6CD0D20}.Release|x86.ActiveCfg = Release|x86
		{25D31D79-5A22-4C11-90C5-B276F6CD0D20}.Release|x86.Build.0 = Release|x86
		{76E0C9FE-C1E2-49BB-9814-91C290595A41}.Debug|Any CPU.ActiveCfg = Release|x86
		{76E0C9FE-C1E2-49BB-9814-91C290595A41}.Debug|Any CPU.Build.0 = Release|x86
		{76E0C9FE-C1E2-49BB-9814-91C290595A41}.Debug|Any CPU.Deploy.0 = Release|x86
		{76E0C9FE-C1E2-49BB-9814-91C290595A41}.Debug|ARM.ActiveCfg = Debug|ARM
		{76E0C9FE-C1E2-49BB-9814-91C290595A41}.Debug|ARM.Build.0 = Debug|ARM
		{76E0C9FE-C1E2-49BB-9814-91C290595A41}.Debug|ARM.Deploy.0 = Debug|ARM
		{76E0C9FE-C1E2-49BB-9814-91C290595A41}.Debug|ARM64.ActiveCfg = Debug|ARM64
		{76E0C9FE-C1E2-49BB-9814-91C290595A41}.Debug|ARM64.Build.0 = Debug|ARM64
		{76E0C9FE-C1E2-49BB-9814-91C290595A41}.Debug|ARM64.Deploy.0 = Debug|ARM64
		{76E0C9FE-C1E2-49BB-9814-91C290595A41}.Debug|x64.ActiveCfg = Debug|x64
		{76E0C9FE-C1E2-49BB-9814-91C290595A41}.Debug|x64.Build.0 = Debug|x64
		{76E0C9FE-C1E2-49BB-9814-91C290595A41}.Debug|x64.Deploy.0 = Debug|x64
		{76E0C9FE-C1E2-49BB-9814-91C290595A41}.Debug|x86.ActiveCfg = Debug|x86
		{76E0C9FE-C1E2-49BB-9814-91C290595A41}.Debug|x86.Build.0 = Debug|x86
		{76E0C9FE-C1E2-49BB-9814-91C290595A41}.Debug|x86.Deploy.0 = Debug|x86
		{76E0C9FE-C1E2-49BB-9814-91C290595A41}.Release|Any CPU.ActiveCfg = Release|Any CPU
		{76E0C9FE-C1E2-49BB-9814-91C290595A41}.Release|Any CPU.Build.0 = Release|Any CPU
		{76E0C9FE-C1E2-49BB-9814-91C290595A41}.Release|Any CPU.Deploy.0 = Release|Any CPU
		{76E0C9FE-C1E2-49BB-9814-91C290595A41}.Release|ARM.ActiveCfg = Release|ARM
		{76E0C9FE-C1E2-49BB-9814-91C290595A41}.Release|ARM.Build.0 = Release|ARM
		{76E0C9FE-C1E2-49BB-9814-91C290595A41}.Release|ARM.Deploy.0 = Release|ARM
		{76E0C9FE-C1E2-49BB-9814-91C290595A41}.Release|ARM64.ActiveCfg = Release|ARM64
		{76E0C9FE-C1E2-49BB-9814-91C290595A41}.Release|ARM64.Build.0 = Release|ARM64
		{76E0C9FE-C1E2-49BB-9814-91C290595A41}.Release|ARM64.Deploy.0 = Release|ARM64
		{76E0C9FE-C1E2-49BB-9814-91C290595A41}.Release|x64.ActiveCfg = Release|x64
		{76E0C9FE-C1E2-49BB-9814-91C290595A41}.Release|x64.Build.0 = Release|x64
		{76E0C9FE-C1E2-49BB-9814-91C290595A41}.Release|x64.Deploy.0 = Release|x64
		{76E0C9FE-C1E2-49BB-9814-91C290595A41}.Release|x86.ActiveCfg = Release|x86
		{76E0C9FE-C1E2-49BB-9814-91C290595A41}.Release|x86.Build.0 = Release|x86
		{76E0C9FE-C1E2-49BB-9814-91C290595A41}.Release|x86.Deploy.0 = Release|x86
		{8F4BE9D0-37F1-4CE9-B39A-277A19C25A7E}.Debug|Any CPU.ActiveCfg = Debug|Any CPU
		{8F4BE9D0-37F1-4CE9-B39A-277A19C25A7E}.Debug|Any CPU.Build.0 = Debug|Any CPU
		{8F4BE9D0-37F1-4CE9-B39A-277A19C25A7E}.Debug|ARM.ActiveCfg = Debug|Any CPU
		{8F4BE9D0-37F1-4CE9-B39A-277A19C25A7E}.Debug|ARM.Build.0 = Debug|Any CPU
		{8F4BE9D0-37F1-4CE9-B39A-277A19C25A7E}.Debug|ARM64.ActiveCfg = Debug|Any CPU
		{8F4BE9D0-37F1-4CE9-B39A-277A19C25A7E}.Debug|ARM64.Build.0 = Debug|Any CPU
		{8F4BE9D0-37F1-4CE9-B39A-277A19C25A7E}.Debug|x64.ActiveCfg = Debug|Any CPU
		{8F4BE9D0-37F1-4CE9-B39A-277A19C25A7E}.Debug|x64.Build.0 = Debug|Any CPU
		{8F4BE9D0-37F1-4CE9-B39A-277A19C25A7E}.Debug|x86.ActiveCfg = Debug|Any CPU
		{8F4BE9D0-37F1-4CE9-B39A-277A19C25A7E}.Debug|x86.Build.0 = Debug|Any CPU
		{8F4BE9D0-37F1-4CE9-B39A-277A19C25A7E}.Release|Any CPU.ActiveCfg = Release|Any CPU
		{8F4BE9D0-37F1-4CE9-B39A-277A19C25A7E}.Release|Any CPU.Build.0 = Release|Any CPU
		{8F4BE9D0-37F1-4CE9-B39A-277A19C25A7E}.Release|ARM.ActiveCfg = Release|Any CPU
		{8F4BE9D0-37F1-4CE9-B39A-277A19C25A7E}.Release|ARM.Build.0 = Release|Any CPU
		{8F4BE9D0-37F1-4CE9-B39A-277A19C25A7E}.Release|ARM64.ActiveCfg = Release|Any CPU
		{8F4BE9D0-37F1-4CE9-B39A-277A19C25A7E}.Release|ARM64.Build.0 = Release|Any CPU
		{8F4BE9D0-37F1-4CE9-B39A-277A19C25A7E}.Release|x64.ActiveCfg = Release|Any CPU
		{8F4BE9D0-37F1-4CE9-B39A-277A19C25A7E}.Release|x64.Build.0 = Release|Any CPU
		{8F4BE9D0-37F1-4CE9-B39A-277A19C25A7E}.Release|x86.ActiveCfg = Release|Any CPU
		{8F4BE9D0-37F1-4CE9-B39A-277A19C25A7E}.Release|x86.Build.0 = Release|Any CPU
		{F2A8F023-8BB3-480F-AC0E-BAB4C0F45084}.Debug|Any CPU.ActiveCfg = Debug|Any CPU
		{F2A8F023-8BB3-480F-AC0E-BAB4C0F45084}.Debug|Any CPU.Build.0 = Debug|Any CPU
		{F2A8F023-8BB3-480F-AC0E-BAB4C0F45084}.Debug|ARM.ActiveCfg = Debug|Any CPU
		{F2A8F023-8BB3-480F-AC0E-BAB4C0F45084}.Debug|ARM.Build.0 = Debug|Any CPU
		{F2A8F023-8BB3-480F-AC0E-BAB4C0F45084}.Debug|ARM64.ActiveCfg = Debug|Any CPU
		{F2A8F023-8BB3-480F-AC0E-BAB4C0F45084}.Debug|ARM64.Build.0 = Debug|Any CPU
		{F2A8F023-8BB3-480F-AC0E-BAB4C0F45084}.Debug|x64.ActiveCfg = Debug|Any CPU
		{F2A8F023-8BB3-480F-AC0E-BAB4C0F45084}.Debug|x64.Build.0 = Debug|Any CPU
		{F2A8F023-8BB3-480F-AC0E-BAB4C0F45084}.Debug|x86.ActiveCfg = Debug|Any CPU
		{F2A8F023-8BB3-480F-AC0E-BAB4C0F45084}.Debug|x86.Build.0 = Debug|Any CPU
		{F2A8F023-8BB3-480F-AC0E-BAB4C0F45084}.Release|Any CPU.ActiveCfg = Release|Any CPU
		{F2A8F023-8BB3-480F-AC0E-BAB4C0F45084}.Release|Any CPU.Build.0 = Release|Any CPU
		{F2A8F023-8BB3-480F-AC0E-BAB4C0F45084}.Release|ARM.ActiveCfg = Release|Any CPU
		{F2A8F023-8BB3-480F-AC0E-BAB4C0F45084}.Release|ARM.Build.0 = Release|Any CPU
		{F2A8F023-8BB3-480F-AC0E-BAB4C0F45084}.Release|ARM64.ActiveCfg = Release|Any CPU
		{F2A8F023-8BB3-480F-AC0E-BAB4C0F45084}.Release|ARM64.Build.0 = Release|Any CPU
		{F2A8F023-8BB3-480F-AC0E-BAB4C0F45084}.Release|x64.ActiveCfg = Release|Any CPU
		{F2A8F023-8BB3-480F-AC0E-BAB4C0F45084}.Release|x64.Build.0 = Release|Any CPU
		{F2A8F023-8BB3-480F-AC0E-BAB4C0F45084}.Release|x86.ActiveCfg = Release|Any CPU
		{F2A8F023-8BB3-480F-AC0E-BAB4C0F45084}.Release|x86.Build.0 = Release|Any CPU
	EndGlobalSection
	GlobalSection(SolutionProperties) = preSolution
		HideSolutionNode = FALSE
	EndGlobalSection
	GlobalSection(ExtensibilityGlobals) = postSolution
		SolutionGuid = {BFC50013-BE48-4669-AA66-BACCBE905A43}
	EndGlobalSection
EndGlobal
